// !$*UTF8*$!
{
	archiveVersion = 1;
	classes = {
	};
	objectVersion = 50;
	objects = {

/* Begin PBXBuildFile section */
		502F2C1F232530D000E7AA21 /* Mukta-ExtraLight.ttf in Resources */ = {isa = PBXBuildFile; fileRef = 502F2C18232530CF00E7AA21 /* Mukta-ExtraLight.ttf */; };
		502F2C20232530D000E7AA21 /* Mukta-SemiBold.ttf in Resources */ = {isa = PBXBuildFile; fileRef = 502F2C19232530D000E7AA21 /* Mukta-SemiBold.ttf */; };
		502F2C21232530D000E7AA21 /* Mukta-Bold.ttf in Resources */ = {isa = PBXBuildFile; fileRef = 502F2C1A232530D000E7AA21 /* Mukta-Bold.ttf */; };
		502F2C22232530D000E7AA21 /* OFL.txt in Resources */ = {isa = PBXBuildFile; fileRef = 502F2C1B232530D000E7AA21 /* OFL.txt */; };
		502F2C23232530D000E7AA21 /* Mukta-Light.ttf in Resources */ = {isa = PBXBuildFile; fileRef = 502F2C1C232530D000E7AA21 /* Mukta-Light.ttf */; };
		502F2C24232530D000E7AA21 /* Mukta-Medium.ttf in Resources */ = {isa = PBXBuildFile; fileRef = 502F2C1D232530D000E7AA21 /* Mukta-Medium.ttf */; };
		502F2C25232530D000E7AA21 /* Mukta-ExtraBold.ttf in Resources */ = {isa = PBXBuildFile; fileRef = 502F2C1E232530D000E7AA21 /* Mukta-ExtraBold.ttf */; };
		502F2C26232530FF00E7AA21 /* Mukta-Regular.ttf in Resources */ = {isa = PBXBuildFile; fileRef = 502F2C162325232A00E7AA21 /* Mukta-Regular.ttf */; };
		504EFCF923210E5F00635629 /* HubSpot-AboutUs.mp4 in Resources */ = {isa = PBXBuildFile; fileRef = 504EFCF823210E5F00635629 /* HubSpot-AboutUs.mp4 */; };
		504EFCFB23210E7C00635629 /* HubSpot-AboutUs.mp3 in Resources */ = {isa = PBXBuildFile; fileRef = 504EFCFA23210E7C00635629 /* HubSpot-AboutUs.mp3 */; };
		50B91E56231FE53D00DB0078 /* AppDelegate.swift in Sources */ = {isa = PBXBuildFile; fileRef = 50B91E55231FE53D00DB0078 /* AppDelegate.swift */; };
		50B91E58231FE53D00DB0078 /* art.scnassets in Resources */ = {isa = PBXBuildFile; fileRef = 50B91E57231FE53D00DB0078 /* art.scnassets */; };
		50B91E5A231FE53D00DB0078 /* ViewController.swift in Sources */ = {isa = PBXBuildFile; fileRef = 50B91E59231FE53D00DB0078 /* ViewController.swift */; };
		50B91E5D231FE53D00DB0078 /* Main.storyboard in Resources */ = {isa = PBXBuildFile; fileRef = 50B91E5B231FE53D00DB0078 /* Main.storyboard */; };
		50B91E5F231FE53E00DB0078 /* Assets.xcassets in Resources */ = {isa = PBXBuildFile; fileRef = 50B91E5E231FE53E00DB0078 /* Assets.xcassets */; };
		50B91E62231FE53E00DB0078 /* LaunchScreen.storyboard in Resources */ = {isa = PBXBuildFile; fileRef = 50B91E60231FE53E00DB0078 /* LaunchScreen.storyboard */; };
/* End PBXBuildFile section */

/* Begin PBXFileReference section */
		502F2C162325232A00E7AA21 /* Mukta-Regular.ttf */ = {isa = PBXFileReference; lastKnownFileType = file; path = "Mukta-Regular.ttf"; sourceTree = "<group>"; };
		502F2C18232530CF00E7AA21 /* Mukta-ExtraLight.ttf */ = {isa = PBXFileReference; lastKnownFileType = file; path = "Mukta-ExtraLight.ttf"; sourceTree = "<group>"; };
		502F2C19232530D000E7AA21 /* Mukta-SemiBold.ttf */ = {isa = PBXFileReference; lastKnownFileType = file; path = "Mukta-SemiBold.ttf"; sourceTree = "<group>"; };
		502F2C1A232530D000E7AA21 /* Mukta-Bold.ttf */ = {isa = PBXFileReference; lastKnownFileType = file; path = "Mukta-Bold.ttf"; sourceTree = "<group>"; };
		502F2C1B232530D000E7AA21 /* OFL.txt */ = {isa = PBXFileReference; fileEncoding = 4; lastKnownFileType = text; path = OFL.txt; sourceTree = "<group>"; };
		502F2C1C232530D000E7AA21 /* Mukta-Light.ttf */ = {isa = PBXFileReference; lastKnownFileType = file; path = "Mukta-Light.ttf"; sourceTree = "<group>"; };
		502F2C1D232530D000E7AA21 /* Mukta-Medium.ttf */ = {isa = PBXFileReference; lastKnownFileType = file; path = "Mukta-Medium.ttf"; sourceTree = "<group>"; };
		502F2C1E232530D000E7AA21 /* Mukta-ExtraBold.ttf */ = {isa = PBXFileReference; lastKnownFileType = file; path = "Mukta-ExtraBold.ttf"; sourceTree = "<group>"; };
		504EFCF823210E5F00635629 /* HubSpot-AboutUs.mp4 */ = {isa = PBXFileReference; lastKnownFileType = file; path = "HubSpot-AboutUs.mp4"; sourceTree = "<group>"; };
		504EFCFA23210E7C00635629 /* HubSpot-AboutUs.mp3 */ = {isa = PBXFileReference; lastKnownFileType = audio.mp3; path = "HubSpot-AboutUs.mp3"; sourceTree = "<group>"; };
		50B91E52231FE53D00DB0078 /* Ovid.app */ = {isa = PBXFileReference; explicitFileType = wrapper.application; includeInIndex = 0; path = Ovid.app; sourceTree = BUILT_PRODUCTS_DIR; };
		50B91E55231FE53D00DB0078 /* AppDelegate.swift */ = {isa = PBXFileReference; lastKnownFileType = sourcecode.swift; path = AppDelegate.swift; sourceTree = "<group>"; };
		50B91E57231FE53D00DB0078 /* art.scnassets */ = {isa = PBXFileReference; lastKnownFileType = wrapper.scnassets; path = art.scnassets; sourceTree = "<group>"; };
		50B91E59231FE53D00DB0078 /* ViewController.swift */ = {isa = PBXFileReference; lastKnownFileType = sourcecode.swift; path = ViewController.swift; sourceTree = "<group>"; };
		50B91E5C231FE53D00DB0078 /* Base */ = {isa = PBXFileReference; lastKnownFileType = file.storyboard; name = Base; path = Base.lproj/Main.storyboard; sourceTree = "<group>"; };
		50B91E5E231FE53E00DB0078 /* Assets.xcassets */ = {isa = PBXFileReference; lastKnownFileType = folder.assetcatalog; path = Assets.xcassets; sourceTree = "<group>"; };
		50B91E61231FE53E00DB0078 /* Base */ = {isa = PBXFileReference; lastKnownFileType = file.storyboard; name = Base; path = Base.lproj/LaunchScreen.storyboard; sourceTree = "<group>"; };
		50B91E63231FE53E00DB0078 /* Info.plist */ = {isa = PBXFileReference; lastKnownFileType = text.plist.xml; path = Info.plist; sourceTree = "<group>"; };
/* End PBXFileReference section */

/* Begin PBXFrameworksBuildPhase section */
		50B91E4F231FE53D00DB0078 /* Frameworks */ = {
			isa = PBXFrameworksBuildPhase;
			buildActionMask = 2147483647;
			files = (
			);
			runOnlyForDeploymentPostprocessing = 0;
		};
/* End PBXFrameworksBuildPhase section */

/* Begin PBXGroup section */
		502F2C17232530BC00E7AA21 /* Resources */ = {
			isa = PBXGroup;
			children = (
				502F2C1A232530D000E7AA21 /* Mukta-Bold.ttf */,
				502F2C1E232530D000E7AA21 /* Mukta-ExtraBold.ttf */,
				502F2C18232530CF00E7AA21 /* Mukta-ExtraLight.ttf */,
				502F2C1C232530D000E7AA21 /* Mukta-Light.ttf */,
				502F2C1D232530D000E7AA21 /* Mukta-Medium.ttf */,
				502F2C162325232A00E7AA21 /* Mukta-Regular.ttf */,
				502F2C19232530D000E7AA21 /* Mukta-SemiBold.ttf */,
				502F2C1B232530D000E7AA21 /* OFL.txt */,
			);
			path = Resources;
			sourceTree = "<group>";
		};
		50B91E49231FE53D00DB0078 = {
			isa = PBXGroup;
			children = (
				50B91E54231FE53D00DB0078 /* Ovid */,
				50B91E53231FE53D00DB0078 /* Products */,
			);
			sourceTree = "<group>";
		};
		50B91E53231FE53D00DB0078 /* Products */ = {
			isa = PBXGroup;
			children = (
				50B91E52231FE53D00DB0078 /* Ovid.app */,
			);
			name = Products;
			sourceTree = "<group>";
		};
		50B91E54231FE53D00DB0078 /* Ovid */ = {
			isa = PBXGroup;
			children = (
				504EFCF823210E5F00635629 /* HubSpot-AboutUs.mp4 */,
				504EFCFA23210E7C00635629 /* HubSpot-AboutUs.mp3 */,
				50B91E55231FE53D00DB0078 /* AppDelegate.swift */,
				50B91E57231FE53D00DB0078 /* art.scnassets */,
				50B91E59231FE53D00DB0078 /* ViewController.swift */,
				50B91E5B231FE53D00DB0078 /* Main.storyboard */,
				50B91E5E231FE53E00DB0078 /* Assets.xcassets */,
				50B91E60231FE53E00DB0078 /* LaunchScreen.storyboard */,
				50B91E63231FE53E00DB0078 /* Info.plist */,
				502F2C17232530BC00E7AA21 /* Resources */,
			);
			path = Ovid;
			sourceTree = "<group>";
		};
/* End PBXGroup section */

/* Begin PBXNativeTarget section */
		50B91E51231FE53D00DB0078 /* Ovid */ = {
			isa = PBXNativeTarget;
			buildConfigurationList = 50B91E66231FE53E00DB0078 /* Build configuration list for PBXNativeTarget "Ovid" */;
			buildPhases = (
				50B91E4E231FE53D00DB0078 /* Sources */,
				50B91E4F231FE53D00DB0078 /* Frameworks */,
				50B91E50231FE53D00DB0078 /* Resources */,
			);
			buildRules = (
			);
			dependencies = (
			);
			name = Ovid;
			productName = WhereEver;
			productReference = 50B91E52231FE53D00DB0078 /* Ovid.app */;
			productType = "com.apple.product-type.application";
		};
/* End PBXNativeTarget section */

/* Begin PBXProject section */
		50B91E4A231FE53D00DB0078 /* Project object */ = {
			isa = PBXProject;
			attributes = {
				LastSwiftUpdateCheck = 1030;
				LastUpgradeCheck = 1030;
				ORGANIZATIONNAME = "Jan Cho";
				TargetAttributes = {
					50B91E51231FE53D00DB0078 = {
						CreatedOnToolsVersion = 10.3;
					};
				};
			};
			buildConfigurationList = 50B91E4D231FE53D00DB0078 /* Build configuration list for PBXProject "Ovid" */;
			compatibilityVersion = "Xcode 9.3";
			developmentRegion = en;
			hasScannedForEncodings = 0;
			knownRegions = (
				en,
				Base,
			);
			mainGroup = 50B91E49231FE53D00DB0078;
			productRefGroup = 50B91E53231FE53D00DB0078 /* Products */;
			projectDirPath = "";
			projectRoot = "";
			targets = (
				50B91E51231FE53D00DB0078 /* Ovid */,
			);
		};
/* End PBXProject section */

/* Begin PBXResourcesBuildPhase section */
		50B91E50231FE53D00DB0078 /* Resources */ = {
			isa = PBXResourcesBuildPhase;
			buildActionMask = 2147483647;
			files = (
				502F2C20232530D000E7AA21 /* Mukta-SemiBold.ttf in Resources */,
				504EFCF923210E5F00635629 /* HubSpot-AboutUs.mp4 in Resources */,
				502F2C25232530D000E7AA21 /* Mukta-ExtraBold.ttf in Resources */,
				50B91E58231FE53D00DB0078 /* art.scnassets in Resources */,
				502F2C1F232530D000E7AA21 /* Mukta-ExtraLight.ttf in Resources */,
				50B91E62231FE53E00DB0078 /* LaunchScreen.storyboard in Resources */,
				502F2C24232530D000E7AA21 /* Mukta-Medium.ttf in Resources */,
				50B91E5F231FE53E00DB0078 /* Assets.xcassets in Resources */,
				502F2C22232530D000E7AA21 /* OFL.txt in Resources */,
				504EFCFB23210E7C00635629 /* HubSpot-AboutUs.mp3 in Resources */,
				502F2C23232530D000E7AA21 /* Mukta-Light.ttf in Resources */,
				502F2C21232530D000E7AA21 /* Mukta-Bold.ttf in Resources */,
				502F2C26232530FF00E7AA21 /* Mukta-Regular.ttf in Resources */,
				50B91E5D231FE53D00DB0078 /* Main.storyboard in Resources */,
			);
			runOnlyForDeploymentPostprocessing = 0;
		};
/* End PBXResourcesBuildPhase section */

/* Begin PBXSourcesBuildPhase section */
		50B91E4E231FE53D00DB0078 /* Sources */ = {
			isa = PBXSourcesBuildPhase;
			buildActionMask = 2147483647;
			files = (
				50B91E5A231FE53D00DB0078 /* ViewController.swift in Sources */,
				50B91E56231FE53D00DB0078 /* AppDelegate.swift in Sources */,
			);
			runOnlyForDeploymentPostprocessing = 0;
		};
/* End PBXSourcesBuildPhase section */

/* Begin PBXVariantGroup section */
		50B91E5B231FE53D00DB0078 /* Main.storyboard */ = {
			isa = PBXVariantGroup;
			children = (
				50B91E5C231FE53D00DB0078 /* Base */,
			);
			name = Main.storyboard;
			sourceTree = "<group>";
		};
		50B91E60231FE53E00DB0078 /* LaunchScreen.storyboard */ = {
			isa = PBXVariantGroup;
			children = (
				50B91E61231FE53E00DB0078 /* Base */,
			);
			name = LaunchScreen.storyboard;
			sourceTree = "<group>";
		};
/* End PBXVariantGroup section */

/* Begin XCBuildConfiguration section */
		50B91E64231FE53E00DB0078 /* Debug */ = {
			isa = XCBuildConfiguration;
			buildSettings = {
				ALWAYS_SEARCH_USER_PATHS = NO;
				CLANG_ANALYZER_NONNULL = YES;
				CLANG_ANALYZER_NUMBER_OBJECT_CONVERSION = YES_AGGRESSIVE;
				CLANG_CXX_LANGUAGE_STANDARD = "gnu++14";
				CLANG_CXX_LIBRARY = "libc++";
				CLANG_ENABLE_MODULES = YES;
				CLANG_ENABLE_OBJC_ARC = YES;
				CLANG_ENABLE_OBJC_WEAK = YES;
				CLANG_WARN_BLOCK_CAPTURE_AUTORELEASING = YES;
				CLANG_WARN_BOOL_CONVERSION = YES;
				CLANG_WARN_COMMA = YES;
				CLANG_WARN_CONSTANT_CONVERSION = YES;
				CLANG_WARN_DEPRECATED_OBJC_IMPLEMENTATIONS = YES;
				CLANG_WARN_DIRECT_OBJC_ISA_USAGE = YES_ERROR;
				CLANG_WARN_DOCUMENTATION_COMMENTS = YES;
				CLANG_WARN_EMPTY_BODY = YES;
				CLANG_WARN_ENUM_CONVERSION = YES;
				CLANG_WARN_INFINITE_RECURSION = YES;
				CLANG_WARN_INT_CONVERSION = YES;
				CLANG_WARN_NON_LITERAL_NULL_CONVERSION = YES;
				CLANG_WARN_OBJC_IMPLICIT_RETAIN_SELF = YES;
				CLANG_WARN_OBJC_LITERAL_CONVERSION = YES;
				CLANG_WARN_OBJC_ROOT_CLASS = YES_ERROR;
				CLANG_WARN_RANGE_LOOP_ANALYSIS = YES;
				CLANG_WARN_STRICT_PROTOTYPES = YES;
				CLANG_WARN_SUSPICIOUS_MOVE = YES;
				CLANG_WARN_UNGUARDED_AVAILABILITY = YES_AGGRESSIVE;
				CLANG_WARN_UNREACHABLE_CODE = YES;
				CLANG_WARN__DUPLICATE_METHOD_MATCH = YES;
				CODE_SIGN_IDENTITY = "iPhone Developer";
				COPY_PHASE_STRIP = NO;
				DEBUG_INFORMATION_FORMAT = dwarf;
				ENABLE_STRICT_OBJC_MSGSEND = YES;
				ENABLE_TESTABILITY = YES;
				GCC_C_LANGUAGE_STANDARD = gnu11;
				GCC_DYNAMIC_NO_PIC = NO;
				GCC_NO_COMMON_BLOCKS = YES;
				GCC_OPTIMIZATION_LEVEL = 0;
				GCC_PREPROCESSOR_DEFINITIONS = (
					"DEBUG=1",
					"$(inherited)",
				);
				GCC_WARN_64_TO_32_BIT_CONVERSION = YES;
				GCC_WARN_ABOUT_RETURN_TYPE = YES_ERROR;
				GCC_WARN_UNDECLARED_SELECTOR = YES;
				GCC_WARN_UNINITIALIZED_AUTOS = YES_AGGRESSIVE;
				GCC_WARN_UNUSED_FUNCTION = YES;
				GCC_WARN_UNUSED_VARIABLE = YES;
				IPHONEOS_DEPLOYMENT_TARGET = 12.4;
				MTL_ENABLE_DEBUG_INFO = INCLUDE_SOURCE;
				MTL_FAST_MATH = YES;
				ONLY_ACTIVE_ARCH = YES;
				SDKROOT = iphoneos;
				SWIFT_ACTIVE_COMPILATION_CONDITIONS = DEBUG;
				SWIFT_OPTIMIZATION_LEVEL = "-Onone";
			};
			name = Debug;
		};
		50B91E65231FE53E00DB0078 /* Release */ = {
			isa = XCBuildConfiguration;
			buildSettings = {
				ALWAYS_SEARCH_USER_PATHS = NO;
				CLANG_ANALYZER_NONNULL = YES;
				CLANG_ANALYZER_NUMBER_OBJECT_CONVERSION = YES_AGGRESSIVE;
				CLANG_CXX_LANGUAGE_STANDARD = "gnu++14";
				CLANG_CXX_LIBRARY = "libc++";
				CLANG_ENABLE_MODULES = YES;
				CLANG_ENABLE_OBJC_ARC = YES;
				CLANG_ENABLE_OBJC_WEAK = YES;
				CLANG_WARN_BLOCK_CAPTURE_AUTORELEASING = YES;
				CLANG_WARN_BOOL_CONVERSION = YES;
				CLANG_WARN_COMMA = YES;
				CLANG_WARN_CONSTANT_CONVERSION = YES;
				CLANG_WARN_DEPRECATED_OBJC_IMPLEMENTATIONS = YES;
				CLANG_WARN_DIRECT_OBJC_ISA_USAGE = YES_ERROR;
				CLANG_WARN_DOCUMENTATION_COMMENTS = YES;
				CLANG_WARN_EMPTY_BODY = YES;
				CLANG_WARN_ENUM_CONVERSION = YES;
				CLANG_WARN_INFINITE_RECURSION = YES;
				CLANG_WARN_INT_CONVERSION = YES;
				CLANG_WARN_NON_LITERAL_NULL_CONVERSION = YES;
				CLANG_WARN_OBJC_IMPLICIT_RETAIN_SELF = YES;
				CLANG_WARN_OBJC_LITERAL_CONVERSION = YES;
				CLANG_WARN_OBJC_ROOT_CLASS = YES_ERROR;
				CLANG_WARN_RANGE_LOOP_ANALYSIS = YES;
				CLANG_WARN_STRICT_PROTOTYPES = YES;
				CLANG_WARN_SUSPICIOUS_MOVE = YES;
				CLANG_WARN_UNGUARDED_AVAILABILITY = YES_AGGRESSIVE;
				CLANG_WARN_UNREACHABLE_CODE = YES;
				CLANG_WARN__DUPLICATE_METHOD_MATCH = YES;
				CODE_SIGN_IDENTITY = "iPhone Developer";
				COPY_PHASE_STRIP = NO;
				DEBUG_INFORMATION_FORMAT = "dwarf-with-dsym";
				ENABLE_NS_ASSERTIONS = NO;
				ENABLE_STRICT_OBJC_MSGSEND = YES;
				GCC_C_LANGUAGE_STANDARD = gnu11;
				GCC_NO_COMMON_BLOCKS = YES;
				GCC_WARN_64_TO_32_BIT_CONVERSION = YES;
				GCC_WARN_ABOUT_RETURN_TYPE = YES_ERROR;
				GCC_WARN_UNDECLARED_SELECTOR = YES;
				GCC_WARN_UNINITIALIZED_AUTOS = YES_AGGRESSIVE;
				GCC_WARN_UNUSED_FUNCTION = YES;
				GCC_WARN_UNUSED_VARIABLE = YES;
				IPHONEOS_DEPLOYMENT_TARGET = 12.4;
				MTL_ENABLE_DEBUG_INFO = NO;
				MTL_FAST_MATH = YES;
				SDKROOT = iphoneos;
				SWIFT_COMPILATION_MODE = wholemodule;
				SWIFT_OPTIMIZATION_LEVEL = "-O";
				VALIDATE_PRODUCT = YES;
			};
			name = Release;
		};
		50B91E67231FE53E00DB0078 /* Debug */ = {
			isa = XCBuildConfiguration;
			buildSettings = {
				ASSETCATALOG_COMPILER_APPICON_NAME = AppIcon;
				CODE_SIGN_STYLE = Automatic;
				DEVELOPMENT_TEAM = K39PD46836;
				INFOPLIST_FILE = "$(SRCROOT)/Ovid/Info.plist";
				IPHONEOS_DEPLOYMENT_TARGET = 12.4;
				LD_RUNPATH_SEARCH_PATHS = (
					"$(inherited)",
					"@executable_path/Frameworks",
				);
				PRODUCT_BUNDLE_IDENTIFIER = com.janwcho.ovid;
				PRODUCT_NAME = "$(TARGET_NAME)";
				SWIFT_VERSION = 5.0;
				TARGETED_DEVICE_FAMILY = 1;
			};
			name = Debug;
		};
		50B91E68231FE53E00DB0078 /* Release */ = {
			isa = XCBuildConfiguration;
			buildSettings = {
				ASSETCATALOG_COMPILER_APPICON_NAME = AppIcon;
				CODE_SIGN_STYLE = Automatic;
				DEVELOPMENT_TEAM = K39PD46836;
				INFOPLIST_FILE = "$(SRCROOT)/Ovid/Info.plist";
				IPHONEOS_DEPLOYMENT_TARGET = 12.4;
				LD_RUNPATH_SEARCH_PATHS = (
					"$(inherited)",
					"@executable_path/Frameworks",
				);
				PRODUCT_BUNDLE_IDENTIFIER = com.janwcho.ovid;
				PRODUCT_NAME = "$(TARGET_NAME)";
				SWIFT_VERSION = 5.0;
				TARGETED_DEVICE_FAMILY = 1;
			};
			name = Release;
		};
/* End XCBuildConfiguration section */

/* Begin XCConfigurationList section */
		50B91E4D231FE53D00DB0078 /* Build configuration list for PBXProject "Ovid" */ = {
			isa = XCConfigurationList;
			buildConfigurations = (
				50B91E64231FE53E00DB0078 /* Debug */,
				50B91E65231FE53E00DB0078 /* Release */,
			);
			defaultConfigurationIsVisible = 0;
			defaultConfigurationName = Release;
		};
		50B91E66231FE53E00DB0078 /* Build configuration list for PBXNativeTarget "Ovid" */ = {
			isa = XCConfigurationList;
			buildConfigurations = (
				50B91E67231FE53E00DB0078 /* Debug */,
				50B91E68231FE53E00DB0078 /* Release */,
			);
			defaultConfigurationIsVisible = 0;
			defaultConfigurationName = Release;
		};
/* End XCConfigurationList section */
	};
	rootObject = 50B91E4A231FE53D00DB0078 /* Project object */;
}
